// !$*UTF8*$!
{
	archiveVersion = 1;
	classes = {
	};
	objectVersion = 46;
	objects = {

/* Begin PBXBuildFile section */
		7AFCF0C81C309FF60001F3C7 /* AppDelegate.swift in Sources */ = {isa = PBXBuildFile; fileRef = 7AFCF0C71C309FF60001F3C7 /* AppDelegate.swift */; };
		7AFCF0CA1C309FF60001F3C7 /* ViewController.swift in Sources */ = {isa = PBXBuildFile; fileRef = 7AFCF0C91C309FF60001F3C7 /* ViewController.swift */; };
		7AFCF0CD1C309FF60001F3C7 /* Main.storyboard in Resources */ = {isa = PBXBuildFile; fileRef = 7AFCF0CB1C309FF60001F3C7 /* Main.storyboard */; };
		7AFCF0CF1C309FF60001F3C7 /* Assets.xcassets in Resources */ = {isa = PBXBuildFile; fileRef = 7AFCF0CE1C309FF60001F3C7 /* Assets.xcassets */; };
		7AFCF0D21C309FF60001F3C7 /* LaunchScreen.storyboard in Resources */ = {isa = PBXBuildFile; fileRef = 7AFCF0D01C309FF60001F3C7 /* LaunchScreen.storyboard */; };
/* End PBXBuildFile section */

/* Begin PBXFileReference section */
		7AFCF0C41C309FF60001F3C7 /* SuperCool.app */ = {isa = PBXFileReference; explicitFileType = wrapper.application; includeInIndex = 0; path = SuperCool.app; sourceTree = BUILT_PRODUCTS_DIR; };
		7AFCF0C71C309FF60001F3C7 /* AppDelegate.swift */ = {isa = PBXFileReference; lastKnownFileType = sourcecode.swift; path = AppDelegate.swift; sourceTree = "<group>"; };
		7AFCF0C91C309FF60001F3C7 /* ViewController.swift */ = {isa = PBXFileReference; lastKnownFileType = sourcecode.swift; path = ViewController.swift; sourceTree = "<group>"; };
		7AFCF0CC1C309FF60001F3C7 /* Base */ = {isa = PBXFileReference; lastKnownFileType = file.storyboard; name = Base; path = Base.lproj/Main.storyboard; sourceTree = "<group>"; };
		7AFCF0CE1C309FF60001F3C7 /* Assets.xcassets */ = {isa = PBXFileReference; lastKnownFileType = folder.assetcatalog; path = Assets.xcassets; sourceTree = "<group>"; };
		7AFCF0D11C309FF60001F3C7 /* Base */ = {isa = PBXFileReference; lastKnownFileType = file.storyboard; name = Base; path = Base.lproj/LaunchScreen.storyboard; sourceTree = "<group>"; };
		7AFCF0D31C309FF60001F3C7 /* Info.plist */ = {isa = PBXFileReference; lastKnownFileType = text.plist.xml; path = Info.plist; sourceTree = "<group>"; };
/* End PBXFileReference section */

/* Begin PBXFrameworksBuildPhase section */
		7AFCF0C11C309FF60001F3C7 /* Frameworks */ = {
			isa = PBXFrameworksBuildPhase;
			buildActionMask = 2147483647;
			files = (
			);
			runOnlyForDeploymentPostprocessing = 0;
		};
/* End PBXFrameworksBuildPhase section */

/* Begin PBXGroup section */
		7AFCF0BB1C309FF60001F3C7 = {
			isa = PBXGroup;
			children = (
				7AFCF0C61C309FF60001F3C7 /* SuperCool */,
				7AFCF0C51C309FF60001F3C7 /* Products */,
			);
			sourceTree = "<group>";
		};
		7AFCF0C51C309FF60001F3C7 /* Products */ = {
			isa = PBXGroup;
			children = (
				7AFCF0C41C309FF60001F3C7 /* SuperCool.app */,
			);
			name = Products;
			sourceTree = "<group>";
		};
		7AFCF0C61C309FF60001F3C7 /* SuperCool */ = {
			isa = PBXGroup;
			children = (
				7AFCF0C71C309FF60001F3C7 /* AppDelegate.swift */,
				7AFCF0C91C309FF60001F3C7 /* ViewController.swift */,
				7AFCF0CB1C309FF60001F3C7 /* Main.storyboard */,
				7AFCF0CE1C309FF60001F3C7 /* Assets.xcassets */,
				7AFCF0D01C309FF60001F3C7 /* LaunchScreen.storyboard */,
				7AFCF0D31C309FF60001F3C7 /* Info.plist */,
			);
			path = SuperCool;
			sourceTree = "<group>";
		};
/* End PBXGroup section */

/* Begin PBXNativeTarget section */
		7AFCF0C31C309FF60001F3C7 /* SuperCool */ = {
			isa = PBXNativeTarget;
			buildConfigurationList = 7AFCF0D61C309FF60001F3C7 /* Build configuration list for PBXNativeTarget "SuperCool" */;
			buildPhases = (
				7AFCF0C01C309FF60001F3C7 /* Sources */,
				7AFCF0C11C309FF60001F3C7 /* Frameworks */,
				7AFCF0C21C309FF60001F3C7 /* Resources */,
			);
			buildRules = (
			);
			dependencies = (
			);
			name = SuperCool;
			productName = SuperCool;
			productReference = 7AFCF0C41C309FF60001F3C7 /* SuperCool.app */;
			productType = "com.apple.product-type.application";
		};
/* End PBXNativeTarget section */

/* Begin PBXProject section */
		7AFCF0BC1C309FF60001F3C7 /* Project object */ = {
			isa = PBXProject;
			attributes = {
				LastSwiftUpdateCheck = 0720;
				LastUpgradeCheck = 0720;
				ORGANIZATIONNAME = BenBison;
				TargetAttributes = {
					7AFCF0C31C309FF60001F3C7 = {
						CreatedOnToolsVersion = 7.2;
					};
				};
			};
			buildConfigurationList = 7AFCF0BF1C309FF60001F3C7 /* Build configuration list for PBXProject "SuperCool" */;
			compatibilityVersion = "Xcode 3.2";
			developmentRegion = English;
			hasScannedForEncodings = 0;
			knownRegions = (
				en,
				Base,
			);
			mainGroup = 7AFCF0BB1C309FF60001F3C7;
			productRefGroup = 7AFCF0C51C309FF60001F3C7 /* Products */;
			projectDirPath = "";
			projectRoot = "";
			targets = (
				7AFCF0C31C309FF60001F3C7 /* SuperCool */,
			);
		};
/* End PBXProject section */

/* Begin PBXResourcesBuildPhase section */
		7AFCF0C21C309FF60001F3C7 /* Resources */ = {
			isa = PBXResourcesBuildPhase;
			buildActionMask = 2147483647;
			files = (
				7AFCF0D21C309FF60001F3C7 /* LaunchScreen.storyboard in Resources */,
				7AFCF0CF1C309FF60001F3C7 /* Assets.xcassets in Resources */,
				7AFCF0CD1C309FF60001F3C7 /* Main.storyboard in Resources */,
			);
			runOnlyForDeploymentPostprocessing = 0;
		};
/* End PBXResourcesBuildPhase section */

/* Begin PBXSourcesBuildPhase section */
		7AFCF0C01C309FF60001F3C7 /* Sources */ = {
			isa = PBXSourcesBuildPhase;
			buildActionMask = 2147483647;
			files = (
				7AFCF0CA1C309FF60001F3C7 /* ViewController.swift in Sources */,
				7AFCF0C81C309FF60001F3C7 /* AppDelegate.swift in Sources */,
			);
			runOnlyForDeploymentPostprocessing = 0;
		};
/* End PBXSourcesBuildPhase section */

/* Begin PBXVariantGroup section */
		7AFCF0CB1C309FF60001F3C7 /* Main.storyboard */ = {
			isa = PBXVariantGroup;
			children = (
				7AFCF0CC1C309FF60001F3C7 /* Base */,
			);
			name = Main.storyboard;
			sourceTree = "<group>";
		};
		7AFCF0D01C309FF60001F3C7 /* LaunchScreen.storyboard */ = {
			isa = PBXVariantGroup;
			children = (
				7AFCF0D11C309FF60001F3C7 /* Base */,
			);
			name = LaunchScreen.storyboard;
			sourceTree = "<group>";
		};
/* End PBXVariantGroup section */

/* Begin XCBuildConfiguration section */
		7AFCF0D41C309FF60001F3C7 /* Debug */ = {
			isa = XCBuildConfiguration;
			buildSettings = {
				ALWAYS_SEARCH_USER_PATHS = NO;
				CLANG_CXX_LANGUAGE_STANDARD = "gnu++0x";
				CLANG_CXX_LIBRARY = "libc++";
				CLANG_ENABLE_MODULES = YES;
				CLANG_ENABLE_OBJC_ARC = YES;
				CLANG_WARN_BOOL_CONVERSION = YES;
				CLANG_WARN_CONSTANT_CONVERSION = YES;
				CLANG_WARN_DIRECT_OBJC_ISA_USAGE = YES_ERROR;
				CLANG_WARN_EMPTY_BODY = YES;
				CLANG_WARN_ENUM_CONVERSION = YES;
				CLANG_WARN_INT_CONVERSION = YES;
				CLANG_WARN_OBJC_ROOT_CLASS = YES_ERROR;
				CLANG_WARN_UNREACHABLE_CODE = YES;
				CLANG_WARN__DUPLICATE_METHOD_MATCH = YES;
				"CODE_SIGN_IDENTITY[sdk=iphoneos*]" = "iPhone Developer";
				COPY_PHASE_STRIP = NO;
				DEBUG_INFORMATION_FORMAT = dwarf;
				ENABLE_STRICT_OBJC_MSGSEND = YES;
				ENABLE_TESTABILITY = YES;
				GCC_C_LANGUAGE_STANDARD = gnu99;
				GCC_DYNAMIC_NO_PIC = NO;
				GCC_NO_COMMON_BLOCKS = YES;
				GCC_OPTIMIZATION_LEVEL = 0;
				GCC_PREPROCESSOR_DEFINITIONS = (
					"DEBUG=1",
					"$(inherited)",
				);
				GCC_WARN_64_TO_32_BIT_CONVERSION = YES;
				GCC_WARN_ABOUT_RETURN_TYPE = YES_ERROR;
				GCC_WARN_UNDECLARED_SELECTOR = YES;
				GCC_WARN_UNINITIALIZED_AUTOS = YES_AGGRESSIVE;
				GCC_WARN_UNUSED_FUNCTION = YES;
				GCC_WARN_UNUSED_VARIABLE = YES;
				IPHONEOS_DEPLOYMENT_TARGET = 9.2;
				MTL_ENABLE_DEBUG_INFO = YES;
				ONLY_ACTIVE_ARCH = YES;
				SDKROOT = iphoneos;
				SWIFT_OPTIMIZATION_LEVEL = "-Onone";
			};
			name = Debug;
		};
		7AFCF0D51C309FF60001F3C7 /* Release */ = {
			isa = XCBuildConfiguration;
			buildSettings = {
				ALWAYS_SEARCH_USER_PATHS = NO;
				CLANG_CXX_LANGUAGE_STANDARD = "gnu++0x";
				CLANG_CXX_LIBRARY = "libc++";
				CLANG_ENABLE_MODULES = YES;
				CLANG_ENABLE_OBJC_ARC = YES;
				CLANG_WARN_BOOL_CONVERSION = YES;
				CLANG_WARN_CONSTANT_CONVERSION = YES;
				CLANG_WARN_DIRECT_OBJC_ISA_USAGE = YES_ERROR;
				CLANG_WARN_EMPTY_BODY = YES;
				CLANG_WARN_ENUM_CONVERSION = YES;
				CLANG_WARN_INT_CONVERSION = YES;
				CLANG_WARN_OBJC_ROOT_CLASS = YES_ERROR;
				CLANG_WARN_UNREACHABLE_CODE = YES;
				CLANG_WARN__DUPLICATE_METHOD_MATCH = YES;
				"CODE_SIGN_IDENTITY[sdk=iphoneos*]" = "iPhone Developer";
				COPY_PHASE_STRIP = NO;
				DEBUG_INFORMATION_FORMAT = "dwarf-with-dsym";
				ENABLE_NS_ASSERTIONS = NO;
				ENABLE_STRICT_OBJC_MSGSEND = YES;
				GCC_C_LANGUAGE_STANDARD = gnu99;
				GCC_NO_COMMON_BLOCKS = YES;
				GCC_WARN_64_TO_32_BIT_CONVERSION = YES;
				GCC_WARN_ABOUT_RETURN_TYPE = YES_ERROR;
				GCC_WARN_UNDECLARED_SELECTOR = YES;
				GCC_WARN_UNINITIALIZED_AUTOS = YES_AGGRESSIVE;
				GCC_WARN_UNUSED_FUNCTION = YES;
				GCC_WARN_UNUSED_VARIABLE = YES;
				IPHONEOS_DEPLOYMENT_TARGET = 9.2;
				MTL_ENABLE_DEBUG_INFO = NO;
				SDKROOT = iphoneos;
				VALIDATE_PRODUCT = YES;
			};
			name = Release;
		};
		7AFCF0D71C309FF60001F3C7 /* Debug */ = {
			isa = XCBuildConfiguration;
			buildSettings = {
				ASSETCATALOG_COMPILER_APPICON_NAME = AppIcon;
				INFOPLIST_FILE = SuperCool/Info.plist;
				LD_RUNPATH_SEARCH_PATHS = "$(inherited) @executable_path/Frameworks";
				PRODUCT_BUNDLE_IDENTIFIER = com.BenBison.SuperCool;
				PRODUCT_NAME = "$(TARGET_NAME)";
			};
			name = Debug;
		};
		7AFCF0D81C309FF60001F3C7 /* Release */ = {
			isa = XCBuildConfiguration;
			buildSettings = {
				ASSETCATALOG_COMPILER_APPICON_NAME = AppIcon;
				INFOPLIST_FILE = SuperCool/Info.plist;
				LD_RUNPATH_SEARCH_PATHS = "$(inherited) @executable_path/Frameworks";
				PRODUCT_BUNDLE_IDENTIFIER = com.BenBison.SuperCool;
				PRODUCT_NAME = "$(TARGET_NAME)";
			};
			name = Release;
		};
/* End XCBuildConfiguration section */

/* Begin XCConfigurationList section */
		7AFCF0BF1C309FF60001F3C7 /* Build configuration list for PBXProject "SuperCool" */ = {
			isa = XCConfigurationList;
			buildConfigurations = (
				7AFCF0D41C309FF60001F3C7 /* Debug */,
				7AFCF0D51C309FF60001F3C7 /* Release */,
			);
			defaultConfigurationIsVisible = 0;
			defaultConfigurationName = Release;
		};
		7AFCF0D61C309FF60001F3C7 /* Build configuration list for PBXNativeTarget "SuperCool" */ = {
			isa = XCConfigurationList;
			buildConfigurations = (
				7AFCF0D71C309FF60001F3C7 /* Debug */,
				7AFCF0D81C309FF60001F3C7 /* Release */,
			);
			defaultConfigurationIsVisible = 0;
		};
/* End XCConfigurationList section */
	};
	rootObject = 7AFCF0BC1C309FF60001F3C7 /* Project object */;
}
